// !$*UTF8*$!
{
	archiveVersion = 1;
	classes = {
	};
	objectVersion = 46;
	objects = {

/* Begin PBXBuildFile section */
		56234BD71E843A170060D8BB /* AppDelegate.swift in Sources */ = {isa = PBXBuildFile; fileRef = 56234BD61E843A170060D8BB /* AppDelegate.swift */; };
		56234BD91E843A170060D8BB /* ViewController.swift in Sources */ = {isa = PBXBuildFile; fileRef = 56234BD81E843A170060D8BB /* ViewController.swift */; };
		56234BDC1E843A170060D8BB /* Main.storyboard in Resources */ = {isa = PBXBuildFile; fileRef = 56234BDA1E843A170060D8BB /* Main.storyboard */; };
		56234BDE1E843A170060D8BB /* Assets.xcassets in Resources */ = {isa = PBXBuildFile; fileRef = 56234BDD1E843A170060D8BB /* Assets.xcassets */; };
		56234BE11E843A170060D8BB /* LaunchScreen.storyboard in Resources */ = {isa = PBXBuildFile; fileRef = 56234BDF1E843A170060D8BB /* LaunchScreen.storyboard */; };
		5668EB7B1E858A5B007E002D /* ViewControllerVerde.swift in Sources */ = {isa = PBXBuildFile; fileRef = 5668EB7A1E858A5B007E002D /* ViewControllerVerde.swift */; settings = {ASSET_TAGS = (); }; };
		5668EB7D1E858CDF007E002D /* ViewControllerRojo.swift in Sources */ = {isa = PBXBuildFile; fileRef = 5668EB7C1E858CDF007E002D /* ViewControllerRojo.swift */; settings = {ASSET_TAGS = (); }; };
/* End PBXBuildFile section */

/* Begin PBXFileReference section */
		56234BD31E843A170060D8BB /* 2DA_EVA_9_SEGUE.app */ = {isa = PBXFileReference; explicitFileType = wrapper.application; includeInIndex = 0; path = 2DA_EVA_9_SEGUE.app; sourceTree = BUILT_PRODUCTS_DIR; };
		56234BD61E843A170060D8BB /* AppDelegate.swift */ = {isa = PBXFileReference; lastKnownFileType = sourcecode.swift; path = AppDelegate.swift; sourceTree = "<group>"; };
		56234BD81E843A170060D8BB /* ViewController.swift */ = {isa = PBXFileReference; lastKnownFileType = sourcecode.swift; path = ViewController.swift; sourceTree = "<group>"; };
		56234BDB1E843A170060D8BB /* Base */ = {isa = PBXFileReference; lastKnownFileType = file.storyboard; name = Base; path = Base.lproj/Main.storyboard; sourceTree = "<group>"; };
		56234BDD1E843A170060D8BB /* Assets.xcassets */ = {isa = PBXFileReference; lastKnownFileType = folder.assetcatalog; path = Assets.xcassets; sourceTree = "<group>"; };
		56234BE01E843A170060D8BB /* Base */ = {isa = PBXFileReference; lastKnownFileType = file.storyboard; name = Base; path = Base.lproj/LaunchScreen.storyboard; sourceTree = "<group>"; };
		56234BE21E843A170060D8BB /* Info.plist */ = {isa = PBXFileReference; lastKnownFileType = text.plist.xml; path = Info.plist; sourceTree = "<group>"; };
		5668EB7A1E858A5B007E002D /* ViewControllerVerde.swift */ = {isa = PBXFileReference; fileEncoding = 4; lastKnownFileType = sourcecode.swift; path = ViewControllerVerde.swift; sourceTree = "<group>"; };
		5668EB7C1E858CDF007E002D /* ViewControllerRojo.swift */ = {isa = PBXFileReference; fileEncoding = 4; lastKnownFileType = sourcecode.swift; path = ViewControllerRojo.swift; sourceTree = "<group>"; };
/* End PBXFileReference section */

/* Begin PBXFrameworksBuildPhase section */
		56234BD01E843A170060D8BB /* Frameworks */ = {
			isa = PBXFrameworksBuildPhase;
			buildActionMask = 2147483647;
			files = (
			);
			runOnlyForDeploymentPostprocessing = 0;
		};
/* End PBXFrameworksBuildPhase section */

/* Begin PBXGroup section */
		56234BCA1E843A170060D8BB = {
			isa = PBXGroup;
			children = (
				56234BD51E843A170060D8BB /* 2DA_EVA_9_SEGUE */,
				56234BD41E843A170060D8BB /* Products */,
			);
			sourceTree = "<group>";
		};
		56234BD41E843A170060D8BB /* Products */ = {
			isa = PBXGroup;
			children = (
				56234BD31E843A170060D8BB /* 2DA_EVA_9_SEGUE.app */,
			);
			name = Products;
			sourceTree = "<group>";
		};
		56234BD51E843A170060D8BB /* 2DA_EVA_9_SEGUE */ = {
			isa = PBXGroup;
			children = (
				56234BD61E843A170060D8BB /* AppDelegate.swift */,
				56234BD81E843A170060D8BB /* ViewController.swift */,
				56234BDA1E843A170060D8BB /* Main.storyboard */,
				56234BDD1E843A170060D8BB /* Assets.xcassets */,
				56234BDF1E843A170060D8BB /* LaunchScreen.storyboard */,
				56234BE21E843A170060D8BB /* Info.plist */,
				5668EB7A1E858A5B007E002D /* ViewControllerVerde.swift */,
				5668EB7C1E858CDF007E002D /* ViewControllerRojo.swift */,
			);
			path = 2DA_EVA_9_SEGUE;
			sourceTree = "<group>";
		};
/* End PBXGroup section */

/* Begin PBXNativeTarget section */
		56234BD21E843A170060D8BB /* 2DA_EVA_9_SEGUE */ = {
			isa = PBXNativeTarget;
			buildConfigurationList = 56234BE51E843A170060D8BB /* Build configuration list for PBXNativeTarget "2DA_EVA_9_SEGUE" */;
			buildPhases = (
				56234BCF1E843A170060D8BB /* Sources */,
				56234BD01E843A170060D8BB /* Frameworks */,
				56234BD11E843A170060D8BB /* Resources */,
			);
			buildRules = (
			);
			dependencies = (
			);
			name = 2DA_EVA_9_SEGUE;
			productName = 2DA_EVA_9_SEGUE;
			productReference = 56234BD31E843A170060D8BB /* 2DA_EVA_9_SEGUE.app */;
			productType = "com.apple.product-type.application";
		};
/* End PBXNativeTarget section */

/* Begin PBXProject section */
		56234BCB1E843A170060D8BB /* Project object */ = {
			isa = PBXProject;
			attributes = {
				LastUpgradeCheck = 0700;
				ORGANIZATIONNAME = ROLANDO;
				TargetAttributes = {
					56234BD21E843A170060D8BB = {
						CreatedOnToolsVersion = 7.0;
					};
				};
			};
			buildConfigurationList = 56234BCE1E843A170060D8BB /* Build configuration list for PBXProject "2DA_EVA_9_SEGUE" */;
			compatibilityVersion = "Xcode 3.2";
			developmentRegion = English;
			hasScannedForEncodings = 0;
			knownRegions = (
				en,
				Base,
			);
			mainGroup = 56234BCA1E843A170060D8BB;
			productRefGroup = 56234BD41E843A170060D8BB /* Products */;
			projectDirPath = "";
			projectRoot = "";
			targets = (
				56234BD21E843A170060D8BB /* 2DA_EVA_9_SEGUE */,
			);
		};
/* End PBXProject section */

/* Begin PBXResourcesBuildPhase section */
		56234BD11E843A170060D8BB /* Resources */ = {
			isa = PBXResourcesBuildPhase;
			buildActionMask = 2147483647;
			files = (
				56234BE11E843A170060D8BB /* LaunchScreen.storyboard in Resources */,
				56234BDE1E843A170060D8BB /* Assets.xcassets in Resources */,
				56234BDC1E843A170060D8BB /* Main.storyboard in Resources */,
			);
			runOnlyForDeploymentPostprocessing = 0;
		};
/* End PBXResourcesBuildPhase section */

/* Begin PBXSourcesBuildPhase section */
		56234BCF1E843A170060D8BB /* Sources */ = {
			isa = PBXSourcesBuildPhase;
			buildActionMask = 2147483647;
			files = (
				5668EB7D1E858CDF007E002D /* ViewControllerRojo.swift in Sources */,
				5668EB7B1E858A5B007E002D /* ViewControllerVerde.swift in Sources */,
				56234BD91E843A170060D8BB /* ViewController.swift in Sources */,
				56234BD71E843A170060D8BB /* AppDelegate.swift in Sources */,
			);
			runOnlyForDeploymentPostprocessing = 0;
		};
/* End PBXSourcesBuildPhase section */

/* Begin PBXVariantGroup section */
		56234BDA1E843A170060D8BB /* Main.storyboard */ = {
			isa = PBXVariantGroup;
			children = (
				56234BDB1E843A170060D8BB /* Base */,
			);
			name = Main.storyboard;
			sourceTree = "<group>";
		};
		56234BDF1E843A170060D8BB /* LaunchScreen.storyboard */ = {
			isa = PBXVariantGroup;
			children = (
				56234BE01E843A170060D8BB /* Base */,
			);
			name = LaunchScreen.storyboard;
			sourceTree = "<group>";
		};
/* End PBXVariantGroup section */

/* Begin XCBuildConfiguration section */
		56234BE31E843A170060D8BB /* Debug */ = {
			isa = XCBuildConfiguration;
			buildSettings = {
				ALWAYS_SEARCH_USER_PATHS = NO;
				CLANG_CXX_LANGUAGE_STANDARD = "gnu++0x";
				CLANG_CXX_LIBRARY = "libc++";
				CLANG_ENABLE_MODULES = YES;
				CLANG_ENABLE_OBJC_ARC = YES;
				CLANG_WARN_BOOL_CONVERSION = YES;
				CLANG_WARN_CONSTANT_CONVERSION = YES;
				CLANG_WARN_DIRECT_OBJC_ISA_USAGE = YES_ERROR;
				CLANG_WARN_EMPTY_BODY = YES;
				CLANG_WARN_ENUM_CONVERSION = YES;
				CLANG_WARN_INT_CONVERSION = YES;
				CLANG_WARN_OBJC_ROOT_CLASS = YES_ERROR;
				CLANG_WARN_UNREACHABLE_CODE = YES;
				CLANG_WARN__DUPLICATE_METHOD_MATCH = YES;
				"CODE_SIGN_IDENTITY[sdk=iphoneos*]" = "iPhone Developer";
				COPY_PHASE_STRIP = NO;
				DEBUG_INFORMATION_FORMAT = dwarf;
				ENABLE_STRICT_OBJC_MSGSEND = YES;
				ENABLE_TESTABILITY = YES;
				GCC_C_LANGUAGE_STANDARD = gnu99;
				GCC_DYNAMIC_NO_PIC = NO;
				GCC_NO_COMMON_BLOCKS = YES;
				GCC_OPTIMIZATION_LEVEL = 0;
				GCC_PREPROCESSOR_DEFINITIONS = (
					"DEBUG=1",
					"$(inherited)",
				);
				GCC_WARN_64_TO_32_BIT_CONVERSION = YES;
				GCC_WARN_ABOUT_RETURN_TYPE = YES_ERROR;
				GCC_WARN_UNDECLARED_SELECTOR = YES;
				GCC_WARN_UNINITIALIZED_AUTOS = YES_AGGRESSIVE;
				GCC_WARN_UNUSED_FUNCTION = YES;
				GCC_WARN_UNUSED_VARIABLE = YES;
				IPHONEOS_DEPLOYMENT_TARGET = 9.0;
				MTL_ENABLE_DEBUG_INFO = YES;
				ONLY_ACTIVE_ARCH = YES;
				SDKROOT = iphoneos;
				SWIFT_OPTIMIZATION_LEVEL = "-Onone";
				TARGETED_DEVICE_FAMILY = "1,2";
			};
			name = Debug;
		};
		56234BE41E843A170060D8BB /* Release */ = {
			isa = XCBuildConfiguration;
			buildSettings = {
				ALWAYS_SEARCH_USER_PATHS = NO;
				CLANG_CXX_LANGUAGE_STANDARD = "gnu++0x";
				CLANG_CXX_LIBRARY = "libc++";
				CLANG_ENABLE_MODULES = YES;
				CLANG_ENABLE_OBJC_ARC = YES;
				CLANG_WARN_BOOL_CONVERSION = YES;
				CLANG_WARN_CONSTANT_CONVERSION = YES;
				CLANG_WARN_DIRECT_OBJC_ISA_USAGE = YES_ERROR;
				CLANG_WARN_EMPTY_BODY = YES;
				CLANG_WARN_ENUM_CONVERSION = YES;
				CLANG_WARN_INT_CONVERSION = YES;
				CLANG_WARN_OBJC_ROOT_CLASS = YES_ERROR;
				CLANG_WARN_UNREACHABLE_CODE = YES;
				CLANG_WARN__DUPLICATE_METHOD_MATCH = YES;
				"CODE_SIGN_IDENTITY[sdk=iphoneos*]" = "iPhone Developer";
				COPY_PHASE_STRIP = NO;
				DEBUG_INFORMATION_FORMAT = "dwarf-with-dsym";
				ENABLE_NS_ASSERTIONS = NO;
				ENABLE_STRICT_OBJC_MSGSEND = YES;
				GCC_C_LANGUAGE_STANDARD = gnu99;
				GCC_NO_COMMON_BLOCKS = YES;
				GCC_WARN_64_TO_32_BIT_CONVERSION = YES;
				GCC_WARN_ABOUT_RETURN_TYPE = YES_ERROR;
				GCC_WARN_UNDECLARED_SELECTOR = YES;
				GCC_WARN_UNINITIALIZED_AUTOS = YES_AGGRESSIVE;
				GCC_WARN_UNUSED_FUNCTION = YES;
				GCC_WARN_UNUSED_VARIABLE = YES;
				IPHONEOS_DEPLOYMENT_TARGET = 9.0;
				MTL_ENABLE_DEBUG_INFO = NO;
				SDKROOT = iphoneos;
				TARGETED_DEVICE_FAMILY = "1,2";
				VALIDATE_PRODUCT = YES;
			};
			name = Release;
		};
		56234BE61E843A170060D8BB /* Debug */ = {
			isa = XCBuildConfiguration;
			buildSettings = {
				ASSETCATALOG_COMPILER_APPICON_NAME = AppIcon;
				INFOPLIST_FILE = 2DA_EVA_9_SEGUE/Info.plist;
				LD_RUNPATH_SEARCH_PATHS = "$(inherited) @executable_path/Frameworks";
				PRODUCT_BUNDLE_IDENTIFIER = "com.rolando.-DA-EVA-9-SEGUE";
				PRODUCT_NAME = "$(TARGET_NAME)";
			};
			name = Debug;
		};
		56234BE71E843A170060D8BB /* Release */ = {
			isa = XCBuildConfiguration;
			buildSettings = {
				ASSETCATALOG_COMPILER_APPICON_NAME = AppIcon;
				INFOPLIST_FILE = 2DA_EVA_9_SEGUE/Info.plist;
				LD_RUNPATH_SEARCH_PATHS = "$(inherited) @executable_path/Frameworks";
				PRODUCT_BUNDLE_IDENTIFIER = "com.rolando.-DA-EVA-9-SEGUE";
				PRODUCT_NAME = "$(TARGET_NAME)";
			};
			name = Release;
		};
/* End XCBuildConfiguration section */

/* Begin XCConfigurationList section */
		56234BCE1E843A170060D8BB /* Build configuration list for PBXProject "2DA_EVA_9_SEGUE" */ = {
			isa = XCConfigurationList;
			buildConfigurations = (
				56234BE31E843A170060D8BB /* Debug */,
				56234BE41E843A170060D8BB /* Release */,
			);
			defaultConfigurationIsVisible = 0;
			defaultConfigurationName = Release;
		};
		56234BE51E843A170060D8BB /* Build configuration list for PBXNativeTarget "2DA_EVA_9_SEGUE" */ = {
			isa = XCConfigurationList;
			buildConfigurations = (
				56234BE61E843A170060D8BB /* Debug */,
				56234BE71E843A170060D8BB /* Release */,
			);
			defaultConfigurationIsVisible = 0;
			defaultConfigurationName = Release;
		};
/* End XCConfigurationList section */
	};
	rootObject = 56234BCB1E843A170060D8BB /* Project object */;
}
