// !$*UTF8*$!
{
	archiveVersion = 1;
	classes = {
	};
	objectVersion = 46;
	objects = {

/* Begin PBXBuildFile section */
		5629083E1E8EDEB400524CAA /* AppDelegate.swift in Sources */ = {isa = PBXBuildFile; fileRef = 5629083D1E8EDEB400524CAA /* AppDelegate.swift */; };
		562908401E8EDEB400524CAA /* ViewController.swift in Sources */ = {isa = PBXBuildFile; fileRef = 5629083F1E8EDEB400524CAA /* ViewController.swift */; };
		562908431E8EDEB400524CAA /* Main.storyboard in Resources */ = {isa = PBXBuildFile; fileRef = 562908411E8EDEB400524CAA /* Main.storyboard */; };
		562908451E8EDEB400524CAA /* Assets.xcassets in Resources */ = {isa = PBXBuildFile; fileRef = 562908441E8EDEB400524CAA /* Assets.xcassets */; };
		562908481E8EDEB400524CAA /* LaunchScreen.storyboard in Resources */ = {isa = PBXBuildFile; fileRef = 562908461E8EDEB400524CAA /* LaunchScreen.storyboard */; };
/* End PBXBuildFile section */

/* Begin PBXFileReference section */
		5629083A1E8EDEB400524CAA /* Practica5_2DA_EVA.app */ = {isa = PBXFileReference; explicitFileType = wrapper.application; includeInIndex = 0; path = Practica5_2DA_EVA.app; sourceTree = BUILT_PRODUCTS_DIR; };
		5629083D1E8EDEB400524CAA /* AppDelegate.swift */ = {isa = PBXFileReference; lastKnownFileType = sourcecode.swift; path = AppDelegate.swift; sourceTree = "<group>"; };
		5629083F1E8EDEB400524CAA /* ViewController.swift */ = {isa = PBXFileReference; lastKnownFileType = sourcecode.swift; path = ViewController.swift; sourceTree = "<group>"; };
		562908421E8EDEB400524CAA /* Base */ = {isa = PBXFileReference; lastKnownFileType = file.storyboard; name = Base; path = Base.lproj/Main.storyboard; sourceTree = "<group>"; };
		562908441E8EDEB400524CAA /* Assets.xcassets */ = {isa = PBXFileReference; lastKnownFileType = folder.assetcatalog; path = Assets.xcassets; sourceTree = "<group>"; };
		562908471E8EDEB400524CAA /* Base */ = {isa = PBXFileReference; lastKnownFileType = file.storyboard; name = Base; path = Base.lproj/LaunchScreen.storyboard; sourceTree = "<group>"; };
		562908491E8EDEB400524CAA /* Info.plist */ = {isa = PBXFileReference; lastKnownFileType = text.plist.xml; path = Info.plist; sourceTree = "<group>"; };
/* End PBXFileReference section */

/* Begin PBXFrameworksBuildPhase section */
		562908371E8EDEB400524CAA /* Frameworks */ = {
			isa = PBXFrameworksBuildPhase;
			buildActionMask = 2147483647;
			files = (
			);
			runOnlyForDeploymentPostprocessing = 0;
		};
/* End PBXFrameworksBuildPhase section */

/* Begin PBXGroup section */
		562908311E8EDEB400524CAA = {
			isa = PBXGroup;
			children = (
				5629083C1E8EDEB400524CAA /* Practica5_2DA_EVA */,
				5629083B1E8EDEB400524CAA /* Products */,
			);
			sourceTree = "<group>";
		};
		5629083B1E8EDEB400524CAA /* Products */ = {
			isa = PBXGroup;
			children = (
				5629083A1E8EDEB400524CAA /* Practica5_2DA_EVA.app */,
			);
			name = Products;
			sourceTree = "<group>";
		};
		5629083C1E8EDEB400524CAA /* Practica5_2DA_EVA */ = {
			isa = PBXGroup;
			children = (
				5629083D1E8EDEB400524CAA /* AppDelegate.swift */,
				5629083F1E8EDEB400524CAA /* ViewController.swift */,
				562908411E8EDEB400524CAA /* Main.storyboard */,
				562908441E8EDEB400524CAA /* Assets.xcassets */,
				562908461E8EDEB400524CAA /* LaunchScreen.storyboard */,
				562908491E8EDEB400524CAA /* Info.plist */,
			);
			path = Practica5_2DA_EVA;
			sourceTree = "<group>";
		};
/* End PBXGroup section */

/* Begin PBXNativeTarget section */
		562908391E8EDEB400524CAA /* Practica5_2DA_EVA */ = {
			isa = PBXNativeTarget;
			buildConfigurationList = 5629084C1E8EDEB400524CAA /* Build configuration list for PBXNativeTarget "Practica5_2DA_EVA" */;
			buildPhases = (
				562908361E8EDEB400524CAA /* Sources */,
				562908371E8EDEB400524CAA /* Frameworks */,
				562908381E8EDEB400524CAA /* Resources */,
			);
			buildRules = (
			);
			dependencies = (
			);
			name = Practica5_2DA_EVA;
			productName = Practica5_2DA_EVA;
			productReference = 5629083A1E8EDEB400524CAA /* Practica5_2DA_EVA.app */;
			productType = "com.apple.product-type.application";
		};
/* End PBXNativeTarget section */

/* Begin PBXProject section */
		562908321E8EDEB400524CAA /* Project object */ = {
			isa = PBXProject;
			attributes = {
				LastUpgradeCheck = 0700;
				ORGANIZATIONNAME = ROLANDO;
				TargetAttributes = {
					562908391E8EDEB400524CAA = {
						CreatedOnToolsVersion = 7.0;
					};
				};
			};
			buildConfigurationList = 562908351E8EDEB400524CAA /* Build configuration list for PBXProject "Practica5_2DA_EVA" */;
			compatibilityVersion = "Xcode 3.2";
			developmentRegion = English;
			hasScannedForEncodings = 0;
			knownRegions = (
				en,
				Base,
			);
			mainGroup = 562908311E8EDEB400524CAA;
			productRefGroup = 5629083B1E8EDEB400524CAA /* Products */;
			projectDirPath = "";
			projectRoot = "";
			targets = (
				562908391E8EDEB400524CAA /* Practica5_2DA_EVA */,
			);
		};
/* End PBXProject section */

/* Begin PBXResourcesBuildPhase section */
		562908381E8EDEB400524CAA /* Resources */ = {
			isa = PBXResourcesBuildPhase;
			buildActionMask = 2147483647;
			files = (
				562908481E8EDEB400524CAA /* LaunchScreen.storyboard in Resources */,
				562908451E8EDEB400524CAA /* Assets.xcassets in Resources */,
				562908431E8EDEB400524CAA /* Main.storyboard in Resources */,
			);
			runOnlyForDeploymentPostprocessing = 0;
		};
/* End PBXResourcesBuildPhase section */

/* Begin PBXSourcesBuildPhase section */
		562908361E8EDEB400524CAA /* Sources */ = {
			isa = PBXSourcesBuildPhase;
			buildActionMask = 2147483647;
			files = (
				562908401E8EDEB400524CAA /* ViewController.swift in Sources */,
				5629083E1E8EDEB400524CAA /* AppDelegate.swift in Sources */,
			);
			runOnlyForDeploymentPostprocessing = 0;
		};
/* End PBXSourcesBuildPhase section */

/* Begin PBXVariantGroup section */
		562908411E8EDEB400524CAA /* Main.storyboard */ = {
			isa = PBXVariantGroup;
			children = (
				562908421E8EDEB400524CAA /* Base */,
			);
			name = Main.storyboard;
			sourceTree = "<group>";
		};
		562908461E8EDEB400524CAA /* LaunchScreen.storyboard */ = {
			isa = PBXVariantGroup;
			children = (
				562908471E8EDEB400524CAA /* Base */,
			);
			name = LaunchScreen.storyboard;
			sourceTree = "<group>";
		};
/* End PBXVariantGroup section */

/* Begin XCBuildConfiguration section */
		5629084A1E8EDEB400524CAA /* Debug */ = {
			isa = XCBuildConfiguration;
			buildSettings = {
				ALWAYS_SEARCH_USER_PATHS = NO;
				CLANG_CXX_LANGUAGE_STANDARD = "gnu++0x";
				CLANG_CXX_LIBRARY = "libc++";
				CLANG_ENABLE_MODULES = YES;
				CLANG_ENABLE_OBJC_ARC = YES;
				CLANG_WARN_BOOL_CONVERSION = YES;
				CLANG_WARN_CONSTANT_CONVERSION = YES;
				CLANG_WARN_DIRECT_OBJC_ISA_USAGE = YES_ERROR;
				CLANG_WARN_EMPTY_BODY = YES;
				CLANG_WARN_ENUM_CONVERSION = YES;
				CLANG_WARN_INT_CONVERSION = YES;
				CLANG_WARN_OBJC_ROOT_CLASS = YES_ERROR;
				CLANG_WARN_UNREACHABLE_CODE = YES;
				CLANG_WARN__DUPLICATE_METHOD_MATCH = YES;
				"CODE_SIGN_IDENTITY[sdk=iphoneos*]" = "iPhone Developer";
				COPY_PHASE_STRIP = NO;
				DEBUG_INFORMATION_FORMAT = dwarf;
				ENABLE_STRICT_OBJC_MSGSEND = YES;
				ENABLE_TESTABILITY = YES;
				GCC_C_LANGUAGE_STANDARD = gnu99;
				GCC_DYNAMIC_NO_PIC = NO;
				GCC_NO_COMMON_BLOCKS = YES;
				GCC_OPTIMIZATION_LEVEL = 0;
				GCC_PREPROCESSOR_DEFINITIONS = (
					"DEBUG=1",
					"$(inherited)",
				);
				GCC_WARN_64_TO_32_BIT_CONVERSION = YES;
				GCC_WARN_ABOUT_RETURN_TYPE = YES_ERROR;
				GCC_WARN_UNDECLARED_SELECTOR = YES;
				GCC_WARN_UNINITIALIZED_AUTOS = YES_AGGRESSIVE;
				GCC_WARN_UNUSED_FUNCTION = YES;
				GCC_WARN_UNUSED_VARIABLE = YES;
				IPHONEOS_DEPLOYMENT_TARGET = 9.0;
				MTL_ENABLE_DEBUG_INFO = YES;
				ONLY_ACTIVE_ARCH = YES;
				SDKROOT = iphoneos;
				SWIFT_OPTIMIZATION_LEVEL = "-Onone";
				TARGETED_DEVICE_FAMILY = "1,2";
			};
			name = Debug;
		};
		5629084B1E8EDEB400524CAA /* Release */ = {
			isa = XCBuildConfiguration;
			buildSettings = {
				ALWAYS_SEARCH_USER_PATHS = NO;
				CLANG_CXX_LANGUAGE_STANDARD = "gnu++0x";
				CLANG_CXX_LIBRARY = "libc++";
				CLANG_ENABLE_MODULES = YES;
				CLANG_ENABLE_OBJC_ARC = YES;
				CLANG_WARN_BOOL_CONVERSION = YES;
				CLANG_WARN_CONSTANT_CONVERSION = YES;
				CLANG_WARN_DIRECT_OBJC_ISA_USAGE = YES_ERROR;
				CLANG_WARN_EMPTY_BODY = YES;
				CLANG_WARN_ENUM_CONVERSION = YES;
				CLANG_WARN_INT_CONVERSION = YES;
				CLANG_WARN_OBJC_ROOT_CLASS = YES_ERROR;
				CLANG_WARN_UNREACHABLE_CODE = YES;
				CLANG_WARN__DUPLICATE_METHOD_MATCH = YES;
				"CODE_SIGN_IDENTITY[sdk=iphoneos*]" = "iPhone Developer";
				COPY_PHASE_STRIP = NO;
				DEBUG_INFORMATION_FORMAT = "dwarf-with-dsym";
				ENABLE_NS_ASSERTIONS = NO;
				ENABLE_STRICT_OBJC_MSGSEND = YES;
				GCC_C_LANGUAGE_STANDARD = gnu99;
				GCC_NO_COMMON_BLOCKS = YES;
				GCC_WARN_64_TO_32_BIT_CONVERSION = YES;
				GCC_WARN_ABOUT_RETURN_TYPE = YES_ERROR;
				GCC_WARN_UNDECLARED_SELECTOR = YES;
				GCC_WARN_UNINITIALIZED_AUTOS = YES_AGGRESSIVE;
				GCC_WARN_UNUSED_FUNCTION = YES;
				GCC_WARN_UNUSED_VARIABLE = YES;
				IPHONEOS_DEPLOYMENT_TARGET = 9.0;
				MTL_ENABLE_DEBUG_INFO = NO;
				SDKROOT = iphoneos;
				TARGETED_DEVICE_FAMILY = "1,2";
				VALIDATE_PRODUCT = YES;
			};
			name = Release;
		};
		5629084D1E8EDEB400524CAA /* Debug */ = {
			isa = XCBuildConfiguration;
			buildSettings = {
				ASSETCATALOG_COMPILER_APPICON_NAME = AppIcon;
				INFOPLIST_FILE = Practica5_2DA_EVA/Info.plist;
				LD_RUNPATH_SEARCH_PATHS = "$(inherited) @executable_path/Frameworks";
				PRODUCT_BUNDLE_IDENTIFIER = "com.rolando.Practica5-2DA-EVA";
				PRODUCT_NAME = "$(TARGET_NAME)";
			};
			name = Debug;
		};
		5629084E1E8EDEB400524CAA /* Release */ = {
			isa = XCBuildConfiguration;
			buildSettings = {
				ASSETCATALOG_COMPILER_APPICON_NAME = AppIcon;
				INFOPLIST_FILE = Practica5_2DA_EVA/Info.plist;
				LD_RUNPATH_SEARCH_PATHS = "$(inherited) @executable_path/Frameworks";
				PRODUCT_BUNDLE_IDENTIFIER = "com.rolando.Practica5-2DA-EVA";
				PRODUCT_NAME = "$(TARGET_NAME)";
			};
			name = Release;
		};
/* End XCBuildConfiguration section */

/* Begin XCConfigurationList section */
		562908351E8EDEB400524CAA /* Build configuration list for PBXProject "Practica5_2DA_EVA" */ = {
			isa = XCConfigurationList;
			buildConfigurations = (
				5629084A1E8EDEB400524CAA /* Debug */,
				5629084B1E8EDEB400524CAA /* Release */,
			);
			defaultConfigurationIsVisible = 0;
			defaultConfigurationName = Release;
		};
		5629084C1E8EDEB400524CAA /* Build configuration list for PBXNativeTarget "Practica5_2DA_EVA" */ = {
			isa = XCConfigurationList;
			buildConfigurations = (
				5629084D1E8EDEB400524CAA /* Debug */,
				5629084E1E8EDEB400524CAA /* Release */,
			);
			defaultConfigurationIsVisible = 0;
		};
/* End XCConfigurationList section */
	};
	rootObject = 562908321E8EDEB400524CAA /* Project object */;
}
