// !$*UTF8*$!
{
	archiveVersion = 1;
	classes = {
	};
	objectVersion = 46;
	objects = {

/* Begin PBXBuildFile section */
		8399B68E1E8C228D00012D48 /* AppDelegate.swift in Sources */ = {isa = PBXBuildFile; fileRef = 8399B68D1E8C228D00012D48 /* AppDelegate.swift */; };
		8399B6901E8C228D00012D48 /* ViewController.swift in Sources */ = {isa = PBXBuildFile; fileRef = 8399B68F1E8C228D00012D48 /* ViewController.swift */; };
		8399B6931E8C228D00012D48 /* Main.storyboard in Resources */ = {isa = PBXBuildFile; fileRef = 8399B6911E8C228D00012D48 /* Main.storyboard */; };
		8399B6951E8C228D00012D48 /* Assets.xcassets in Resources */ = {isa = PBXBuildFile; fileRef = 8399B6941E8C228D00012D48 /* Assets.xcassets */; };
		8399B6981E8C228D00012D48 /* LaunchScreen.storyboard in Resources */ = {isa = PBXBuildFile; fileRef = 8399B6961E8C228D00012D48 /* LaunchScreen.storyboard */; };
		8399B6A31E8C228D00012D48 /* _DA_EVA_PRACTICA_3UITests.swift in Sources */ = {isa = PBXBuildFile; fileRef = 8399B6A21E8C228D00012D48 /* _DA_EVA_PRACTICA_3UITests.swift */; };
/* End PBXBuildFile section */

/* Begin PBXContainerItemProxy section */
		8399B69F1E8C228D00012D48 /* PBXContainerItemProxy */ = {
			isa = PBXContainerItemProxy;
			containerPortal = 8399B6821E8C228D00012D48 /* Project object */;
			proxyType = 1;
			remoteGlobalIDString = 8399B6891E8C228D00012D48;
			remoteInfo = 2DA_EVA_PRACTICA_3;
		};
/* End PBXContainerItemProxy section */

/* Begin PBXFileReference section */
		8399B68A1E8C228D00012D48 /* 2DA_EVA_PRACTICA_3.app */ = {isa = PBXFileReference; explicitFileType = wrapper.application; includeInIndex = 0; path = 2DA_EVA_PRACTICA_3.app; sourceTree = BUILT_PRODUCTS_DIR; };
		8399B68D1E8C228D00012D48 /* AppDelegate.swift */ = {isa = PBXFileReference; lastKnownFileType = sourcecode.swift; path = AppDelegate.swift; sourceTree = "<group>"; };
		8399B68F1E8C228D00012D48 /* ViewController.swift */ = {isa = PBXFileReference; lastKnownFileType = sourcecode.swift; path = ViewController.swift; sourceTree = "<group>"; };
		8399B6921E8C228D00012D48 /* Base */ = {isa = PBXFileReference; lastKnownFileType = file.storyboard; name = Base; path = Base.lproj/Main.storyboard; sourceTree = "<group>"; };
		8399B6941E8C228D00012D48 /* Assets.xcassets */ = {isa = PBXFileReference; lastKnownFileType = folder.assetcatalog; path = Assets.xcassets; sourceTree = "<group>"; };
		8399B6971E8C228D00012D48 /* Base */ = {isa = PBXFileReference; lastKnownFileType = file.storyboard; name = Base; path = Base.lproj/LaunchScreen.storyboard; sourceTree = "<group>"; };
		8399B6991E8C228D00012D48 /* Info.plist */ = {isa = PBXFileReference; lastKnownFileType = text.plist.xml; path = Info.plist; sourceTree = "<group>"; };
		8399B69E1E8C228D00012D48 /* 2DA_EVA_PRACTICA_3UITests.xctest */ = {isa = PBXFileReference; explicitFileType = wrapper.cfbundle; includeInIndex = 0; path = 2DA_EVA_PRACTICA_3UITests.xctest; sourceTree = BUILT_PRODUCTS_DIR; };
		8399B6A21E8C228D00012D48 /* _DA_EVA_PRACTICA_3UITests.swift */ = {isa = PBXFileReference; lastKnownFileType = sourcecode.swift; path = _DA_EVA_PRACTICA_3UITests.swift; sourceTree = "<group>"; };
		8399B6A41E8C228D00012D48 /* Info.plist */ = {isa = PBXFileReference; lastKnownFileType = text.plist.xml; path = Info.plist; sourceTree = "<group>"; };
/* End PBXFileReference section */

/* Begin PBXFrameworksBuildPhase section */
		8399B6871E8C228D00012D48 /* Frameworks */ = {
			isa = PBXFrameworksBuildPhase;
			buildActionMask = 2147483647;
			files = (
			);
			runOnlyForDeploymentPostprocessing = 0;
		};
		8399B69B1E8C228D00012D48 /* Frameworks */ = {
			isa = PBXFrameworksBuildPhase;
			buildActionMask = 2147483647;
			files = (
			);
			runOnlyForDeploymentPostprocessing = 0;
		};
/* End PBXFrameworksBuildPhase section */

/* Begin PBXGroup section */
		8399B6811E8C228D00012D48 = {
			isa = PBXGroup;
			children = (
				8399B68C1E8C228D00012D48 /* 2DA_EVA_PRACTICA_3 */,
				8399B6A11E8C228D00012D48 /* 2DA_EVA_PRACTICA_3UITests */,
				8399B68B1E8C228D00012D48 /* Products */,
			);
			sourceTree = "<group>";
		};
		8399B68B1E8C228D00012D48 /* Products */ = {
			isa = PBXGroup;
			children = (
				8399B68A1E8C228D00012D48 /* 2DA_EVA_PRACTICA_3.app */,
				8399B69E1E8C228D00012D48 /* 2DA_EVA_PRACTICA_3UITests.xctest */,
			);
			name = Products;
			sourceTree = "<group>";
		};
		8399B68C1E8C228D00012D48 /* 2DA_EVA_PRACTICA_3 */ = {
			isa = PBXGroup;
			children = (
				8399B68D1E8C228D00012D48 /* AppDelegate.swift */,
				8399B68F1E8C228D00012D48 /* ViewController.swift */,
				8399B6911E8C228D00012D48 /* Main.storyboard */,
				8399B6941E8C228D00012D48 /* Assets.xcassets */,
				8399B6961E8C228D00012D48 /* LaunchScreen.storyboard */,
				8399B6991E8C228D00012D48 /* Info.plist */,
			);
			path = 2DA_EVA_PRACTICA_3;
			sourceTree = "<group>";
		};
		8399B6A11E8C228D00012D48 /* 2DA_EVA_PRACTICA_3UITests */ = {
			isa = PBXGroup;
			children = (
				8399B6A21E8C228D00012D48 /* _DA_EVA_PRACTICA_3UITests.swift */,
				8399B6A41E8C228D00012D48 /* Info.plist */,
			);
			path = 2DA_EVA_PRACTICA_3UITests;
			sourceTree = "<group>";
		};
/* End PBXGroup section */

/* Begin PBXNativeTarget section */
		8399B6891E8C228D00012D48 /* 2DA_EVA_PRACTICA_3 */ = {
			isa = PBXNativeTarget;
			buildConfigurationList = 8399B6A71E8C228D00012D48 /* Build configuration list for PBXNativeTarget "2DA_EVA_PRACTICA_3" */;
			buildPhases = (
				8399B6861E8C228D00012D48 /* Sources */,
				8399B6871E8C228D00012D48 /* Frameworks */,
				8399B6881E8C228D00012D48 /* Resources */,
			);
			buildRules = (
			);
			dependencies = (
			);
			name = 2DA_EVA_PRACTICA_3;
			productName = 2DA_EVA_PRACTICA_3;
			productReference = 8399B68A1E8C228D00012D48 /* 2DA_EVA_PRACTICA_3.app */;
			productType = "com.apple.product-type.application";
		};
		8399B69D1E8C228D00012D48 /* 2DA_EVA_PRACTICA_3UITests */ = {
			isa = PBXNativeTarget;
			buildConfigurationList = 8399B6AA1E8C228D00012D48 /* Build configuration list for PBXNativeTarget "2DA_EVA_PRACTICA_3UITests" */;
			buildPhases = (
				8399B69A1E8C228D00012D48 /* Sources */,
				8399B69B1E8C228D00012D48 /* Frameworks */,
				8399B69C1E8C228D00012D48 /* Resources */,
			);
			buildRules = (
			);
			dependencies = (
				8399B6A01E8C228D00012D48 /* PBXTargetDependency */,
			);
			name = 2DA_EVA_PRACTICA_3UITests;
			productName = 2DA_EVA_PRACTICA_3UITests;
			productReference = 8399B69E1E8C228D00012D48 /* 2DA_EVA_PRACTICA_3UITests.xctest */;
			productType = "com.apple.product-type.bundle.ui-testing";
		};
/* End PBXNativeTarget section */

/* Begin PBXProject section */
		8399B6821E8C228D00012D48 /* Project object */ = {
			isa = PBXProject;
			attributes = {
				LastSwiftUpdateCheck = 0730;
				LastUpgradeCheck = 0730;
				ORGANIZATIONNAME = tec2;
				TargetAttributes = {
					8399B6891E8C228D00012D48 = {
						CreatedOnToolsVersion = 7.3.1;
					};
					8399B69D1E8C228D00012D48 = {
						CreatedOnToolsVersion = 7.3.1;
						TestTargetID = 8399B6891E8C228D00012D48;
					};
				};
			};
			buildConfigurationList = 8399B6851E8C228D00012D48 /* Build configuration list for PBXProject "2DA_EVA_PRACTICA_3" */;
			compatibilityVersion = "Xcode 3.2";
			developmentRegion = English;
			hasScannedForEncodings = 0;
			knownRegions = (
				en,
				Base,
			);
			mainGroup = 8399B6811E8C228D00012D48;
			productRefGroup = 8399B68B1E8C228D00012D48 /* Products */;
			projectDirPath = "";
			projectRoot = "";
			targets = (
				8399B6891E8C228D00012D48 /* 2DA_EVA_PRACTICA_3 */,
				8399B69D1E8C228D00012D48 /* 2DA_EVA_PRACTICA_3UITests */,
			);
		};
/* End PBXProject section */

/* Begin PBXResourcesBuildPhase section */
		8399B6881E8C228D00012D48 /* Resources */ = {
			isa = PBXResourcesBuildPhase;
			buildActionMask = 2147483647;
			files = (
				8399B6981E8C228D00012D48 /* LaunchScreen.storyboard in Resources */,
				8399B6951E8C228D00012D48 /* Assets.xcassets in Resources */,
				8399B6931E8C228D00012D48 /* Main.storyboard in Resources */,
			);
			runOnlyForDeploymentPostprocessing = 0;
		};
		8399B69C1E8C228D00012D48 /* Resources */ = {
			isa = PBXResourcesBuildPhase;
			buildActionMask = 2147483647;
			files = (
			);
			runOnlyForDeploymentPostprocessing = 0;
		};
/* End PBXResourcesBuildPhase section */

/* Begin PBXSourcesBuildPhase section */
		8399B6861E8C228D00012D48 /* Sources */ = {
			isa = PBXSourcesBuildPhase;
			buildActionMask = 2147483647;
			files = (
				8399B6901E8C228D00012D48 /* ViewController.swift in Sources */,
				8399B68E1E8C228D00012D48 /* AppDelegate.swift in Sources */,
			);
			runOnlyForDeploymentPostprocessing = 0;
		};
		8399B69A1E8C228D00012D48 /* Sources */ = {
			isa = PBXSourcesBuildPhase;
			buildActionMask = 2147483647;
			files = (
				8399B6A31E8C228D00012D48 /* _DA_EVA_PRACTICA_3UITests.swift in Sources */,
			);
			runOnlyForDeploymentPostprocessing = 0;
		};
/* End PBXSourcesBuildPhase section */

/* Begin PBXTargetDependency section */
		8399B6A01E8C228D00012D48 /* PBXTargetDependency */ = {
			isa = PBXTargetDependency;
			target = 8399B6891E8C228D00012D48 /* 2DA_EVA_PRACTICA_3 */;
			targetProxy = 8399B69F1E8C228D00012D48 /* PBXContainerItemProxy */;
		};
/* End PBXTargetDependency section */

/* Begin PBXVariantGroup section */
		8399B6911E8C228D00012D48 /* Main.storyboard */ = {
			isa = PBXVariantGroup;
			children = (
				8399B6921E8C228D00012D48 /* Base */,
			);
			name = Main.storyboard;
			sourceTree = "<group>";
		};
		8399B6961E8C228D00012D48 /* LaunchScreen.storyboard */ = {
			isa = PBXVariantGroup;
			children = (
				8399B6971E8C228D00012D48 /* Base */,
			);
			name = LaunchScreen.storyboard;
			sourceTree = "<group>";
		};
/* End PBXVariantGroup section */

/* Begin XCBuildConfiguration section */
		8399B6A51E8C228D00012D48 /* Debug */ = {
			isa = XCBuildConfiguration;
			buildSettings = {
				ALWAYS_SEARCH_USER_PATHS = NO;
				CLANG_ANALYZER_NONNULL = YES;
				CLANG_CXX_LANGUAGE_STANDARD = "gnu++0x";
				CLANG_CXX_LIBRARY = "libc++";
				CLANG_ENABLE_MODULES = YES;
				CLANG_ENABLE_OBJC_ARC = YES;
				CLANG_WARN_BOOL_CONVERSION = YES;
				CLANG_WARN_CONSTANT_CONVERSION = YES;
				CLANG_WARN_DIRECT_OBJC_ISA_USAGE = YES_ERROR;
				CLANG_WARN_EMPTY_BODY = YES;
				CLANG_WARN_ENUM_CONVERSION = YES;
				CLANG_WARN_INT_CONVERSION = YES;
				CLANG_WARN_OBJC_ROOT_CLASS = YES_ERROR;
				CLANG_WARN_UNREACHABLE_CODE = YES;
				CLANG_WARN__DUPLICATE_METHOD_MATCH = YES;
				"CODE_SIGN_IDENTITY[sdk=iphoneos*]" = "iPhone Developer";
				COPY_PHASE_STRIP = NO;
				DEBUG_INFORMATION_FORMAT = dwarf;
				ENABLE_STRICT_OBJC_MSGSEND = YES;
				ENABLE_TESTABILITY = YES;
				GCC_C_LANGUAGE_STANDARD = gnu99;
				GCC_DYNAMIC_NO_PIC = NO;
				GCC_NO_COMMON_BLOCKS = YES;
				GCC_OPTIMIZATION_LEVEL = 0;
				GCC_PREPROCESSOR_DEFINITIONS = (
					"DEBUG=1",
					"$(inherited)",
				);
				GCC_WARN_64_TO_32_BIT_CONVERSION = YES;
				GCC_WARN_ABOUT_RETURN_TYPE = YES_ERROR;
				GCC_WARN_UNDECLARED_SELECTOR = YES;
				GCC_WARN_UNINITIALIZED_AUTOS = YES_AGGRESSIVE;
				GCC_WARN_UNUSED_FUNCTION = YES;
				GCC_WARN_UNUSED_VARIABLE = YES;
				IPHONEOS_DEPLOYMENT_TARGET = 9.3;
				MTL_ENABLE_DEBUG_INFO = YES;
				ONLY_ACTIVE_ARCH = YES;
				SDKROOT = iphoneos;
				SWIFT_OPTIMIZATION_LEVEL = "-Onone";
			};
			name = Debug;
		};
		8399B6A61E8C228D00012D48 /* Release */ = {
			isa = XCBuildConfiguration;
			buildSettings = {
				ALWAYS_SEARCH_USER_PATHS = NO;
				CLANG_ANALYZER_NONNULL = YES;
				CLANG_CXX_LANGUAGE_STANDARD = "gnu++0x";
				CLANG_CXX_LIBRARY = "libc++";
				CLANG_ENABLE_MODULES = YES;
				CLANG_ENABLE_OBJC_ARC = YES;
				CLANG_WARN_BOOL_CONVERSION = YES;
				CLANG_WARN_CONSTANT_CONVERSION = YES;
				CLANG_WARN_DIRECT_OBJC_ISA_USAGE = YES_ERROR;
				CLANG_WARN_EMPTY_BODY = YES;
				CLANG_WARN_ENUM_CONVERSION = YES;
				CLANG_WARN_INT_CONVERSION = YES;
				CLANG_WARN_OBJC_ROOT_CLASS = YES_ERROR;
				CLANG_WARN_UNREACHABLE_CODE = YES;
				CLANG_WARN__DUPLICATE_METHOD_MATCH = YES;
				"CODE_SIGN_IDENTITY[sdk=iphoneos*]" = "iPhone Developer";
				COPY_PHASE_STRIP = NO;
				DEBUG_INFORMATION_FORMAT = "dwarf-with-dsym";
				ENABLE_NS_ASSERTIONS = NO;
				ENABLE_STRICT_OBJC_MSGSEND = YES;
				GCC_C_LANGUAGE_STANDARD = gnu99;
				GCC_NO_COMMON_BLOCKS = YES;
				GCC_WARN_64_TO_32_BIT_CONVERSION = YES;
				GCC_WARN_ABOUT_RETURN_TYPE = YES_ERROR;
				GCC_WARN_UNDECLARED_SELECTOR = YES;
				GCC_WARN_UNINITIALIZED_AUTOS = YES_AGGRESSIVE;
				GCC_WARN_UNUSED_FUNCTION = YES;
				GCC_WARN_UNUSED_VARIABLE = YES;
				IPHONEOS_DEPLOYMENT_TARGET = 9.3;
				MTL_ENABLE_DEBUG_INFO = NO;
				SDKROOT = iphoneos;
				VALIDATE_PRODUCT = YES;
			};
			name = Release;
		};
		8399B6A81E8C228D00012D48 /* Debug */ = {
			isa = XCBuildConfiguration;
			buildSettings = {
				ASSETCATALOG_COMPILER_APPICON_NAME = AppIcon;
				INFOPLIST_FILE = 2DA_EVA_PRACTICA_3/Info.plist;
				LD_RUNPATH_SEARCH_PATHS = "$(inherited) @executable_path/Frameworks";
				PRODUCT_BUNDLE_IDENTIFIER = "administrador.-DA-EVA-PRACTICA-3";
				PRODUCT_NAME = "$(TARGET_NAME)";
			};
			name = Debug;
		};
		8399B6A91E8C228D00012D48 /* Release */ = {
			isa = XCBuildConfiguration;
			buildSettings = {
				ASSETCATALOG_COMPILER_APPICON_NAME = AppIcon;
				INFOPLIST_FILE = 2DA_EVA_PRACTICA_3/Info.plist;
				LD_RUNPATH_SEARCH_PATHS = "$(inherited) @executable_path/Frameworks";
				PRODUCT_BUNDLE_IDENTIFIER = "administrador.-DA-EVA-PRACTICA-3";
				PRODUCT_NAME = "$(TARGET_NAME)";
			};
			name = Release;
		};
		8399B6AB1E8C228D00012D48 /* Debug */ = {
			isa = XCBuildConfiguration;
			buildSettings = {
				INFOPLIST_FILE = 2DA_EVA_PRACTICA_3UITests/Info.plist;
				LD_RUNPATH_SEARCH_PATHS = "$(inherited) @executable_path/Frameworks @loader_path/Frameworks";
				PRODUCT_BUNDLE_IDENTIFIER = "administrador.-DA-EVA-PRACTICA-3UITests";
				PRODUCT_NAME = "$(TARGET_NAME)";
				TEST_TARGET_NAME = 2DA_EVA_PRACTICA_3;
			};
			name = Debug;
		};
		8399B6AC1E8C228D00012D48 /* Release */ = {
			isa = XCBuildConfiguration;
			buildSettings = {
				INFOPLIST_FILE = 2DA_EVA_PRACTICA_3UITests/Info.plist;
				LD_RUNPATH_SEARCH_PATHS = "$(inherited) @executable_path/Frameworks @loader_path/Frameworks";
				PRODUCT_BUNDLE_IDENTIFIER = "administrador.-DA-EVA-PRACTICA-3UITests";
				PRODUCT_NAME = "$(TARGET_NAME)";
				TEST_TARGET_NAME = 2DA_EVA_PRACTICA_3;
			};
			name = Release;
		};
/* End XCBuildConfiguration section */

/* Begin XCConfigurationList section */
		8399B6851E8C228D00012D48 /* Build configuration list for PBXProject "2DA_EVA_PRACTICA_3" */ = {
			isa = XCConfigurationList;
			buildConfigurations = (
				8399B6A51E8C228D00012D48 /* Debug */,
				8399B6A61E8C228D00012D48 /* Release */,
			);
			defaultConfigurationIsVisible = 0;
			defaultConfigurationName = Release;
		};
		8399B6A71E8C228D00012D48 /* Build configuration list for PBXNativeTarget "2DA_EVA_PRACTICA_3" */ = {
			isa = XCConfigurationList;
			buildConfigurations = (
				8399B6A81E8C228D00012D48 /* Debug */,
				8399B6A91E8C228D00012D48 /* Release */,
			);
			defaultConfigurationIsVisible = 0;
		};
		8399B6AA1E8C228D00012D48 /* Build configuration list for PBXNativeTarget "2DA_EVA_PRACTICA_3UITests" */ = {
			isa = XCConfigurationList;
			buildConfigurations = (
				8399B6AB1E8C228D00012D48 /* Debug */,
				8399B6AC1E8C228D00012D48 /* Release */,
			);
			defaultConfigurationIsVisible = 0;
		};
/* End XCConfigurationList section */
	};
	rootObject = 8399B6821E8C228D00012D48 /* Project object */;
}
